
Microsoft Visual Studio Solution File, Format Version 12.00
# Visual Studio Version 17
VisualStudioVersion = 17.9.34728.123
MinimumVisualStudioVersion = 10.0.40219.1
Project("{2150E333-8FDC-42A3-9474-1A3956D46DE8}") = "Source", "Source", "{C6D252AC-BB29-426A-9360-2B5838E3537C}"
EndProject
Project("{FAE04EC0-301F-11D3-BF4B-00C04F79EFBC}") = "WebApiServer", "WebApiServer\WebApiServer.csproj", "{D6D5F699-03ED-4384-9F87-755E983FC961}"
EndProject
Project("{FAE04EC0-301F-11D3-BF4B-00C04F79EFBC}") = "ClientApi", "ClientApi\ClientApi.csproj", "{935BE371-90F8-497E-A7FC-F016B7602A0A}"
EndProject
Global
	GlobalSection(SolutionConfigurationPlatforms) = preSolution
		Debug|Any CPU = Debug|Any CPU
		Release|Any CPU = Release|Any CPU
	EndGlobalSection
	GlobalSection(ProjectConfigurationPlatforms) = postSolution
		{D6D5F699-03ED-4384-9F87-755E983FC961}.Debug|Any CPU.ActiveCfg = Debug|Any CPU
		{D6D5F699-03ED-4384-9F87-755E983FC961}.Debug|Any CPU.Build.0 = Debug|Any CPU
		{D6D5F699-03ED-4384-9F87-755E983FC961}.Release|Any CPU.ActiveCfg = Release|Any CPU
		{D6D5F699-03ED-4384-9F87-755E983FC961}.Release|Any CPU.Build.0 = Release|Any CPU
		{935BE371-90F8-497E-A7FC-F016B7602A0A}.Debug|Any CPU.ActiveCfg = Debug|Any CPU
		{935BE371-90F8-497E-A7FC-F016B7602A0A}.Debug|Any CPU.Build.0 = Debug|Any CPU
		{935BE371-90F8-497E-A7FC-F016B7602A0A}.Release|Any CPU.ActiveCfg = Release|Any CPU
		{935BE371-90F8-497E-A7FC-F016B7602A0A}.Release|Any CPU.Build.0 = Release|Any CPU
	EndGlobalSection
	GlobalSection(SolutionProperties) = preSolution
		HideSolutionNode = FALSE
	EndGlobalSection
	GlobalSection(NestedProjects) = preSolution
		{D6D5F699-03ED-4384-9F87-755E983FC961} = {C6D252AC-BB29-426A-9360-2B5838E3537C}
		{935BE371-90F8-497E-A7FC-F016B7602A0A} = {C6D252AC-BB29-426A-9360-2B5838E3537C}
	EndGlobalSection
	GlobalSection(ExtensibilityGlobals) = postSolution
		SolutionGuid = {94B2E951-5B5C-4197-82C7-CCD3FF406F68}
	EndGlobalSection
EndGlobal
